
Microsoft Visual Studio Solution File, Format Version 12.00
# Visual Studio Version 16
VisualStudioVersion = 16.0.31424.327
MinimumVisualStudioVersion = 10.0.40219.1
Project("{FAE04EC0-301F-11D3-BF4B-00C04F79EFBC}") = "FinProjNew", "FinProjNew\FinProjNew.csproj", "{B3688354-7590-423D-995C-863C075A9E23}"
EndProject
Project("{FAE04EC0-301F-11D3-BF4B-00C04F79EFBC}") = "FinProjNew.Core", "FinProjNew.Core\FinProjNew.Core.csproj", "{C2854F69-4EF0-47D0-B22D-348656E83FE5}"
EndProject
Project("{FAE04EC0-301F-11D3-BF4B-00C04F79EFBC}") = "FinProjNew.Data", "FinProjNew.Data\FinProjNew.Data.csproj", "{EE7B0220-4F74-4ADE-B5A6-0812CEB16A05}"
EndProject
Global
	GlobalSection(SolutionConfigurationPlatforms) = preSolution
		Debug|Any CPU = Debug|Any CPU
		Release|Any CPU = Release|Any CPU
	EndGlobalSection
	GlobalSection(ProjectConfigurationPlatforms) = postSolution
		{B3688354-7590-423D-995C-863C075A9E23}.Debug|Any CPU.ActiveCfg = Debug|Any CPU
		{B3688354-7590-423D-995C-863C075A9E23}.Debug|Any CPU.Build.0 = Debug|Any CPU
		{B3688354-7590-423D-995C-863C075A9E23}.Release|Any CPU.ActiveCfg = Release|Any CPU
		{B3688354-7590-423D-995C-863C075A9E23}.Release|Any CPU.Build.0 = Release|Any CPU
		{C2854F69-4EF0-47D0-B22D-348656E83FE5}.Debug|Any CPU.ActiveCfg = Debug|Any CPU
		{C2854F69-4EF0-47D0-B22D-348656E83FE5}.Debug|Any CPU.Build.0 = Debug|Any CPU
		{C2854F69-4EF0-47D0-B22D-348656E83FE5}.Release|Any CPU.ActiveCfg = Release|Any CPU
		{C2854F69-4EF0-47D0-B22D-348656E83FE5}.Release|Any CPU.Build.0 = Release|Any CPU
		{EE7B0220-4F74-4ADE-B5A6-0812CEB16A05}.Debug|Any CPU.ActiveCfg = Debug|Any CPU
		{EE7B0220-4F74-4ADE-B5A6-0812CEB16A05}.Debug|Any CPU.Build.0 = Debug|Any CPU
		{EE7B0220-4F74-4ADE-B5A6-0812CEB16A05}.Release|Any CPU.ActiveCfg = Release|Any CPU
		{EE7B0220-4F74-4ADE-B5A6-0812CEB16A05}.Release|Any CPU.Build.0 = Release|Any CPU
	EndGlobalSection
	GlobalSection(SolutionProperties) = preSolution
		HideSolutionNode = FALSE
	EndGlobalSection
	GlobalSection(ExtensibilityGlobals) = postSolution
		SolutionGuid = {70857FD7-1AB3-456C-A5EE-4DA59670E838}
	EndGlobalSection
EndGlobal
